
Microsoft Visual Studio Solution File, Format Version 12.00
# Visual Studio Version 17
VisualStudioVersion = 17.0.31903.59
MinimumVisualStudioVersion = 10.0.40219.1
Project("{9A19103F-16F7-4668-BE54-9A1E7A4F7556}") = "AzurePublicBlobs", "AzurePublicBlobs\AzurePublicBlobs.csproj", "{220709CD-E0C8-42CF-B7A5-88FA204975B2}"
EndProject
Project("{FAE04EC0-301F-11D3-BF4B-00C04F79EFBC}") = "AzurePublicBlobs.Sample", "AzurePublicBlobs.Sample\AzurePublicBlobs.Sample.csproj", "{3A616572-6D48-42E6-9BF4-A4A21FB5426B}"
EndProject
Global
	GlobalSection(SolutionConfigurationPlatforms) = preSolution
		Debug|Any CPU = Debug|Any CPU
		Release|Any CPU = Release|Any CPU
	EndGlobalSection
	GlobalSection(ProjectConfigurationPlatforms) = postSolution
		{220709CD-E0C8-42CF-B7A5-88FA204975B2}.Debug|Any CPU.ActiveCfg = Debug|Any CPU
		{220709CD-E0C8-42CF-B7A5-88FA204975B2}.Debug|Any CPU.Build.0 = Debug|Any CPU
		{220709CD-E0C8-42CF-B7A5-88FA204975B2}.Release|Any CPU.ActiveCfg = Release|Any CPU
		{220709CD-E0C8-42CF-B7A5-88FA204975B2}.Release|Any CPU.Build.0 = Release|Any CPU
		{3A616572-6D48-42E6-9BF4-A4A21FB5426B}.Debug|Any CPU.ActiveCfg = Debug|Any CPU
		{3A616572-6D48-42E6-9BF4-A4A21FB5426B}.Debug|Any CPU.Build.0 = Debug|Any CPU
		{3A616572-6D48-42E6-9BF4-A4A21FB5426B}.Release|Any CPU.ActiveCfg = Release|Any CPU
		{3A616572-6D48-42E6-9BF4-A4A21FB5426B}.Release|Any CPU.Build.0 = Release|Any CPU
	EndGlobalSection
	GlobalSection(SolutionProperties) = preSolution
		HideSolutionNode = FALSE
	EndGlobalSection
	GlobalSection(ExtensibilityGlobals) = postSolution
		SolutionGuid = {CD5879D7-1CF2-4EBA-9120-2274780023D9}
	EndGlobalSection
EndGlobal
